
Microsoft Visual Studio Solution File, Format Version 11.00
# Visual Studio 2010
Project("{8BC9CEB8-8B4A-11D0-8D11-00A0C91BC942}") = "FunctionPointer", "FunctionPointer\FunctionPointer.vcxproj", "{C18A1CC0-1E39-4AD2-AFD7-EB61449FAFEF}"
EndProject
Global
	GlobalSection(SolutionConfigurationPlatforms) = preSolution
		Debug|Win32 = Debug|Win32
		Release|Win32 = Release|Win32
	EndGlobalSection
	GlobalSection(ProjectConfigurationPlatforms) = postSolution
		{C18A1CC0-1E39-4AD2-AFD7-EB61449FAFEF}.Debug|Win32.ActiveCfg = Debug|Win32
		{C18A1CC0-1E39-4AD2-AFD7-EB61449FAFEF}.Debug|Win32.Build.0 = Debug|Win32
		{C18A1CC0-1E39-4AD2-AFD7-EB61449FAFEF}.Release|Win32.ActiveCfg = Release|Win32
		{C18A1CC0-1E39-4AD2-AFD7-EB61449FAFEF}.Release|Win32.Build.0 = Release|Win32
	EndGlobalSection
	GlobalSection(SolutionProperties) = preSolution
		HideSolutionNode = FALSE
	EndGlobalSection
EndGlobal
