
Microsoft Visual Studio Solution File, Format Version 11.00
# Visual Studio 2010
Project("{FAE04EC0-301F-11D3-BF4B-00C04F79EFBC}") = "AbstractVSInterface", "AbstractVSInterface\AbstractVSInterface.csproj", "{238969E3-A08D-4D2C-8182-8722B56C8984}"
EndProject
Global
	GlobalSection(SolutionConfigurationPlatforms) = preSolution
		Debug|x86 = Debug|x86
		Release|x86 = Release|x86
	EndGlobalSection
	GlobalSection(ProjectConfigurationPlatforms) = postSolution
		{238969E3-A08D-4D2C-8182-8722B56C8984}.Debug|x86.ActiveCfg = Debug|x86
		{238969E3-A08D-4D2C-8182-8722B56C8984}.Debug|x86.Build.0 = Debug|x86
		{238969E3-A08D-4D2C-8182-8722B56C8984}.Release|x86.ActiveCfg = Release|x86
		{238969E3-A08D-4D2C-8182-8722B56C8984}.Release|x86.Build.0 = Release|x86
	EndGlobalSection
	GlobalSection(SolutionProperties) = preSolution
		HideSolutionNode = FALSE
	EndGlobalSection
EndGlobal
